// !$*UTF8*$!
{
	archiveVersion = 1;
	classes = {
	};
	objectVersion = 46;
	objects = {

/* Begin PBXBuildFile section */
		B53232711C7AAF9900E9D3C7 /* TestEntity+CoreDataProperties.swift in Sources */ = {isa = PBXBuildFile; fileRef = B532326F1C7AAF9900E9D3C7 /* TestEntity+CoreDataProperties.swift */; };
		B53232721C7AAF9900E9D3C7 /* TestEntity.swift in Sources */ = {isa = PBXBuildFile; fileRef = B53232701C7AAF9900E9D3C7 /* TestEntity.swift */; };
		B532327A1C7B1BD700E9D3C7 /* NSManagedObjectContext+Utilities.swift in Sources */ = {isa = PBXBuildFile; fileRef = B53232791C7B1BD700E9D3C7 /* NSManagedObjectContext+Utilities.swift */; };
		B53381CB1C76A69200FF1DE0 /* RealmIncrementalStore.framework in Frameworks */ = {isa = PBXBuildFile; fileRef = B53381CA1C76A69200FF1DE0 /* RealmIncrementalStore.framework */; };
		B53381CC1C76A69200FF1DE0 /* RealmIncrementalStore.framework in Embed Frameworks */ = {isa = PBXBuildFile; fileRef = B53381CA1C76A69200FF1DE0 /* RealmIncrementalStore.framework */; settings = {ATTRIBUTES = (CodeSignOnCopy, RemoveHeadersOnCopy, ); }; };
		B5838DF41C75AF9900C781BA /* AppDelegate.swift in Sources */ = {isa = PBXBuildFile; fileRef = B5838DF31C75AF9900C781BA /* AppDelegate.swift */; };
		B5838DF61C75AF9900C781BA /* ViewController.swift in Sources */ = {isa = PBXBuildFile; fileRef = B5838DF51C75AF9900C781BA /* ViewController.swift */; };
		B5838DF91C75AF9900C781BA /* Main.storyboard in Resources */ = {isa = PBXBuildFile; fileRef = B5838DF71C75AF9900C781BA /* Main.storyboard */; };
		B5838DFC1C75AF9900C781BA /* RealmIncrementalStoreDemo.xcdatamodeld in Sources */ = {isa = PBXBuildFile; fileRef = B5838DFA1C75AF9900C781BA /* RealmIncrementalStoreDemo.xcdatamodeld */; };
		B5838DFE1C75AF9900C781BA /* Assets.xcassets in Resources */ = {isa = PBXBuildFile; fileRef = B5838DFD1C75AF9900C781BA /* Assets.xcassets */; };
		B5838E011C75AF9900C781BA /* LaunchScreen.storyboard in Resources */ = {isa = PBXBuildFile; fileRef = B5838DFF1C75AF9900C781BA /* LaunchScreen.storyboard */; };
/* End PBXBuildFile section */

/* Begin PBXCopyFilesBuildPhase section */
		B5838E1C1C75D90D00C781BA /* Embed Frameworks */ = {
			isa = PBXCopyFilesBuildPhase;
			buildActionMask = 2147483647;
			dstPath = "";
			dstSubfolderSpec = 10;
			files = (
				B53381CC1C76A69200FF1DE0 /* RealmIncrementalStore.framework in Embed Frameworks */,
			);
			name = "Embed Frameworks";
			runOnlyForDeploymentPostprocessing = 0;
		};
/* End PBXCopyFilesBuildPhase section */

/* Begin PBXFileReference section */
		B532326F1C7AAF9900E9D3C7 /* TestEntity+CoreDataProperties.swift */ = {isa = PBXFileReference; fileEncoding = 4; lastKnownFileType = sourcecode.swift; path = "TestEntity+CoreDataProperties.swift"; sourceTree = "<group>"; };
		B53232701C7AAF9900E9D3C7 /* TestEntity.swift */ = {isa = PBXFileReference; fileEncoding = 4; lastKnownFileType = sourcecode.swift; path = TestEntity.swift; sourceTree = "<group>"; };
		B53232791C7B1BD700E9D3C7 /* NSManagedObjectContext+Utilities.swift */ = {isa = PBXFileReference; fileEncoding = 4; lastKnownFileType = sourcecode.swift; path = "NSManagedObjectContext+Utilities.swift"; sourceTree = "<group>"; };
		B53381CA1C76A69200FF1DE0 /* RealmIncrementalStore.framework */ = {isa = PBXFileReference; explicitFileType = wrapper.framework; name = RealmIncrementalStore.framework; path = "/Users/JohnEstropia/Library/Developer/Xcode/DerivedData/RealmIncrementalStore-abtlacdavaidadhetdojyngytukx/Build/Products/Debug-iphoneos/RealmIncrementalStore.framework"; sourceTree = "<absolute>"; };
		B5838DF01C75AF9900C781BA /* RealmIncrementalStoreDemo.app */ = {isa = PBXFileReference; explicitFileType = wrapper.application; includeInIndex = 0; path = RealmIncrementalStoreDemo.app; sourceTree = BUILT_PRODUCTS_DIR; };
		B5838DF31C75AF9900C781BA /* AppDelegate.swift */ = {isa = PBXFileReference; lastKnownFileType = sourcecode.swift; path = AppDelegate.swift; sourceTree = "<group>"; };
		B5838DF51C75AF9900C781BA /* ViewController.swift */ = {isa = PBXFileReference; lastKnownFileType = sourcecode.swift; path = ViewController.swift; sourceTree = "<group>"; };
		B5838DF81C75AF9900C781BA /* Base */ = {isa = PBXFileReference; lastKnownFileType = file.storyboard; name = Base; path = Base.lproj/Main.storyboard; sourceTree = "<group>"; };
		B5838DFB1C75AF9900C781BA /* RealmIncrementalStoreDemo.xcdatamodel */ = {isa = PBXFileReference; lastKnownFileType = wrapper.xcdatamodel; path = RealmIncrementalStoreDemo.xcdatamodel; sourceTree = "<group>"; };
		B5838DFD1C75AF9900C781BA /* Assets.xcassets */ = {isa = PBXFileReference; lastKnownFileType = folder.assetcatalog; path = Assets.xcassets; sourceTree = "<group>"; };
		B5838E001C75AF9900C781BA /* Base */ = {isa = PBXFileReference; lastKnownFileType = file.storyboard; name = Base; path = Base.lproj/LaunchScreen.storyboard; sourceTree = "<group>"; };
		B5838E021C75AF9900C781BA /* Info.plist */ = {isa = PBXFileReference; lastKnownFileType = text.plist.xml; path = Info.plist; sourceTree = "<group>"; };
/* End PBXFileReference section */

/* Begin PBXFrameworksBuildPhase section */
		B5838DED1C75AF9900C781BA /* Frameworks */ = {
			isa = PBXFrameworksBuildPhase;
			buildActionMask = 2147483647;
			files = (
				B53381CB1C76A69200FF1DE0 /* RealmIncrementalStore.framework in Frameworks */,
			);
			runOnlyForDeploymentPostprocessing = 0;
		};
/* End PBXFrameworksBuildPhase section */

/* Begin PBXGroup section */
		B5838DE71C75AF9900C781BA = {
			isa = PBXGroup;
			children = (
				B53381CA1C76A69200FF1DE0 /* RealmIncrementalStore.framework */,
				B5838DF21C75AF9900C781BA /* RealmIncrementalStoreDemo */,
				B5838DF11C75AF9900C781BA /* Products */,
			);
			sourceTree = "<group>";
		};
		B5838DF11C75AF9900C781BA /* Products */ = {
			isa = PBXGroup;
			children = (
				B5838DF01C75AF9900C781BA /* RealmIncrementalStoreDemo.app */,
			);
			name = Products;
			sourceTree = "<group>";
		};
		B5838DF21C75AF9900C781BA /* RealmIncrementalStoreDemo */ = {
			isa = PBXGroup;
			children = (
				B532326F1C7AAF9900E9D3C7 /* TestEntity+CoreDataProperties.swift */,
				B53232701C7AAF9900E9D3C7 /* TestEntity.swift */,
				B5838DF31C75AF9900C781BA /* AppDelegate.swift */,
				B5838DF51C75AF9900C781BA /* ViewController.swift */,
				B53232791C7B1BD700E9D3C7 /* NSManagedObjectContext+Utilities.swift */,
				B5838DF71C75AF9900C781BA /* Main.storyboard */,
				B5838DFD1C75AF9900C781BA /* Assets.xcassets */,
				B5838DFF1C75AF9900C781BA /* LaunchScreen.storyboard */,
				B5838E021C75AF9900C781BA /* Info.plist */,
				B5838DFA1C75AF9900C781BA /* RealmIncrementalStoreDemo.xcdatamodeld */,
			);
			path = RealmIncrementalStoreDemo;
			sourceTree = "<group>";
		};
/* End PBXGroup section */

/* Begin PBXNativeTarget section */
		B5838DEF1C75AF9900C781BA /* RealmIncrementalStoreDemo */ = {
			isa = PBXNativeTarget;
			buildConfigurationList = B5838E051C75AF9900C781BA /* Build configuration list for PBXNativeTarget "RealmIncrementalStoreDemo" */;
			buildPhases = (
				B5838DEC1C75AF9900C781BA /* Sources */,
				B5838DED1C75AF9900C781BA /* Frameworks */,
				B5838DEE1C75AF9900C781BA /* Resources */,
				B5838E1C1C75D90D00C781BA /* Embed Frameworks */,
			);
			buildRules = (
			);
			dependencies = (
			);
			name = RealmIncrementalStoreDemo;
			productName = RealmIncrementalStoreDemo;
			productReference = B5838DF01C75AF9900C781BA /* RealmIncrementalStoreDemo.app */;
			productType = "com.apple.product-type.application";
		};
/* End PBXNativeTarget section */

/* Begin PBXProject section */
		B5838DE81C75AF9900C781BA /* Project object */ = {
			isa = PBXProject;
			attributes = {
				LastSwiftUpdateCheck = 0720;
				LastUpgradeCheck = 0720;
				ORGANIZATIONNAME = "John Estropia";
				TargetAttributes = {
					B5838DEF1C75AF9900C781BA = {
						CreatedOnToolsVersion = 7.2.1;
					};
				};
			};
			buildConfigurationList = B5838DEB1C75AF9900C781BA /* Build configuration list for PBXProject "RealmIncrementalStoreDemo" */;
			compatibilityVersion = "Xcode 3.2";
			developmentRegion = English;
			hasScannedForEncodings = 0;
			knownRegions = (
				en,
				Base,
			);
			mainGroup = B5838DE71C75AF9900C781BA;
			productRefGroup = B5838DF11C75AF9900C781BA /* Products */;
			projectDirPath = "";
			projectRoot = "";
			targets = (
				B5838DEF1C75AF9900C781BA /* RealmIncrementalStoreDemo */,
			);
		};
/* End PBXProject section */

/* Begin PBXResourcesBuildPhase section */
		B5838DEE1C75AF9900C781BA /* Resources */ = {
			isa = PBXResourcesBuildPhase;
			buildActionMask = 2147483647;
			files = (
				B5838E011C75AF9900C781BA /* LaunchScreen.storyboard in Resources */,
				B5838DFE1C75AF9900C781BA /* Assets.xcassets in Resources */,
				B5838DF91C75AF9900C781BA /* Main.storyboard in Resources */,
			);
			runOnlyForDeploymentPostprocessing = 0;
		};
/* End PBXResourcesBuildPhase section */

/* Begin PBXSourcesBuildPhase section */
		B5838DEC1C75AF9900C781BA /* Sources */ = {
			isa = PBXSourcesBuildPhase;
			buildActionMask = 2147483647;
			files = (
				B53232721C7AAF9900E9D3C7 /* TestEntity.swift in Sources */,
				B532327A1C7B1BD700E9D3C7 /* NSManagedObjectContext+Utilities.swift in Sources */,
				B5838DF61C75AF9900C781BA /* ViewController.swift in Sources */,
				B5838DFC1C75AF9900C781BA /* RealmIncrementalStoreDemo.xcdatamodeld in Sources */,
				B53232711C7AAF9900E9D3C7 /* TestEntity+CoreDataProperties.swift in Sources */,
				B5838DF41C75AF9900C781BA /* AppDelegate.swift in Sources */,
			);
			runOnlyForDeploymentPostprocessing = 0;
		};
/* End PBXSourcesBuildPhase section */

/* Begin PBXVariantGroup section */
		B5838DF71C75AF9900C781BA /* Main.storyboard */ = {
			isa = PBXVariantGroup;
			children = (
				B5838DF81C75AF9900C781BA /* Base */,
			);
			name = Main.storyboard;
			sourceTree = "<group>";
		};
		B5838DFF1C75AF9900C781BA /* LaunchScreen.storyboard */ = {
			isa = PBXVariantGroup;
			children = (
				B5838E001C75AF9900C781BA /* Base */,
			);
			name = LaunchScreen.storyboard;
			sourceTree = "<group>";
		};
/* End PBXVariantGroup section */

/* Begin XCBuildConfiguration section */
		B5838E031C75AF9900C781BA /* Debug */ = {
			isa = XCBuildConfiguration;
			buildSettings = {
				ALWAYS_SEARCH_USER_PATHS = NO;
				CLANG_CXX_LANGUAGE_STANDARD = "gnu++0x";
				CLANG_CXX_LIBRARY = "libc++";
				CLANG_ENABLE_MODULES = YES;
				CLANG_ENABLE_OBJC_ARC = YES;
				CLANG_WARN_BOOL_CONVERSION = YES;
				CLANG_WARN_CONSTANT_CONVERSION = YES;
				CLANG_WARN_DIRECT_OBJC_ISA_USAGE = YES_ERROR;
				CLANG_WARN_EMPTY_BODY = YES;
				CLANG_WARN_ENUM_CONVERSION = YES;
				CLANG_WARN_INT_CONVERSION = YES;
				CLANG_WARN_OBJC_ROOT_CLASS = YES_ERROR;
				CLANG_WARN_UNREACHABLE_CODE = YES;
				CLANG_WARN__DUPLICATE_METHOD_MATCH = YES;
				"CODE_SIGN_IDENTITY[sdk=iphoneos*]" = "iPhone Developer";
				COPY_PHASE_STRIP = NO;
				DEBUG_INFORMATION_FORMAT = dwarf;
				EMBEDDED_CONTENT_CONTAINS_SWIFT = YES;
				ENABLE_STRICT_OBJC_MSGSEND = YES;
				ENABLE_TESTABILITY = YES;
				FRAMEWORK_SEARCH_PATHS = "$(PROJECT_DIR)";
				GCC_C_LANGUAGE_STANDARD = gnu99;
				GCC_DYNAMIC_NO_PIC = NO;
				GCC_NO_COMMON_BLOCKS = YES;
				GCC_OPTIMIZATION_LEVEL = 0;
				GCC_PREPROCESSOR_DEFINITIONS = (
					"DEBUG=1",
					"$(inherited)",
				);
				GCC_WARN_64_TO_32_BIT_CONVERSION = YES;
				GCC_WARN_ABOUT_RETURN_TYPE = YES_ERROR;
				GCC_WARN_UNDECLARED_SELECTOR = YES;
				GCC_WARN_UNINITIALIZED_AUTOS = YES_AGGRESSIVE;
				GCC_WARN_UNUSED_FUNCTION = YES;
				GCC_WARN_UNUSED_VARIABLE = YES;
				IPHONEOS_DEPLOYMENT_TARGET = 9.2;
				MTL_ENABLE_DEBUG_INFO = YES;
				ONLY_ACTIVE_ARCH = YES;
				SDKROOT = iphoneos;
				SWIFT_OPTIMIZATION_LEVEL = "-Onone";
			};
			name = Debug;
		};
		B5838E041C75AF9900C781BA /* Release */ = {
			isa = XCBuildConfiguration;
			buildSettings = {
				ALWAYS_SEARCH_USER_PATHS = NO;
				CLANG_CXX_LANGUAGE_STANDARD = "gnu++0x";
				CLANG_CXX_LIBRARY = "libc++";
				CLANG_ENABLE_MODULES = YES;
				CLANG_ENABLE_OBJC_ARC = YES;
				CLANG_WARN_BOOL_CONVERSION = YES;
				CLANG_WARN_CONSTANT_CONVERSION = YES;
				CLANG_WARN_DIRECT_OBJC_ISA_USAGE = YES_ERROR;
				CLANG_WARN_EMPTY_BODY = YES;
				CLANG_WARN_ENUM_CONVERSION = YES;
				CLANG_WARN_INT_CONVERSION = YES;
				CLANG_WARN_OBJC_ROOT_CLASS = YES_ERROR;
				CLANG_WARN_UNREACHABLE_CODE = YES;
				CLANG_WARN__DUPLICATE_METHOD_MATCH = YES;
				"CODE_SIGN_IDENTITY[sdk=iphoneos*]" = "iPhone Developer";
				COPY_PHASE_STRIP = NO;
				DEBUG_INFORMATION_FORMAT = "dwarf-with-dsym";
				EMBEDDED_CONTENT_CONTAINS_SWIFT = YES;
				ENABLE_NS_ASSERTIONS = NO;
				ENABLE_STRICT_OBJC_MSGSEND = YES;
				FRAMEWORK_SEARCH_PATHS = "$(PROJECT_DIR)";
				GCC_C_LANGUAGE_STANDARD = gnu99;
				GCC_NO_COMMON_BLOCKS = YES;
				GCC_WARN_64_TO_32_BIT_CONVERSION = YES;
				GCC_WARN_ABOUT_RETURN_TYPE = YES_ERROR;
				GCC_WARN_UNDECLARED_SELECTOR = YES;
				GCC_WARN_UNINITIALIZED_AUTOS = YES_AGGRESSIVE;
				GCC_WARN_UNUSED_FUNCTION = YES;
				GCC_WARN_UNUSED_VARIABLE = YES;
				IPHONEOS_DEPLOYMENT_TARGET = 9.2;
				MTL_ENABLE_DEBUG_INFO = NO;
				SDKROOT = iphoneos;
				VALIDATE_PRODUCT = YES;
			};
			name = Release;
		};
		B5838E061C75AF9900C781BA /* Debug */ = {
			isa = XCBuildConfiguration;
			buildSettings = {
				ASSETCATALOG_COMPILER_APPICON_NAME = AppIcon;
				EMBEDDED_CONTENT_CONTAINS_SWIFT = YES;
				FRAMEWORK_SEARCH_PATHS = "$(PROJECT_DIR)/**";
				INFOPLIST_FILE = RealmIncrementalStoreDemo/Info.plist;
				LD_RUNPATH_SEARCH_PATHS = "$(inherited) @executable_path/Frameworks";
				PRODUCT_BUNDLE_IDENTIFIER = com.johnestropia.RealmIncrementalStoreDemo;
				PRODUCT_NAME = "$(TARGET_NAME)";
			};
			name = Debug;
		};
		B5838E071C75AF9900C781BA /* Release */ = {
			isa = XCBuildConfiguration;
			buildSettings = {
				ASSETCATALOG_COMPILER_APPICON_NAME = AppIcon;
				EMBEDDED_CONTENT_CONTAINS_SWIFT = YES;
				FRAMEWORK_SEARCH_PATHS = "$(PROJECT_DIR)/**";
				INFOPLIST_FILE = RealmIncrementalStoreDemo/Info.plist;
				LD_RUNPATH_SEARCH_PATHS = "$(inherited) @executable_path/Frameworks";
				PRODUCT_BUNDLE_IDENTIFIER = com.johnestropia.RealmIncrementalStoreDemo;
				PRODUCT_NAME = "$(TARGET_NAME)";
			};
			name = Release;
		};
/* End XCBuildConfiguration section */

/* Begin XCConfigurationList section */
		B5838DEB1C75AF9900C781BA /* Build configuration list for PBXProject "RealmIncrementalStoreDemo" */ = {
			isa = XCConfigurationList;
			buildConfigurations = (
				B5838E031C75AF9900C781BA /* Debug */,
				B5838E041C75AF9900C781BA /* Release */,
			);
			defaultConfigurationIsVisible = 0;
			defaultConfigurationName = Release;
		};
		B5838E051C75AF9900C781BA /* Build configuration list for PBXNativeTarget "RealmIncrementalStoreDemo" */ = {
			isa = XCConfigurationList;
			buildConfigurations = (
				B5838E061C75AF9900C781BA /* Debug */,
				B5838E071C75AF9900C781BA /* Release */,
			);
			defaultConfigurationIsVisible = 0;
			defaultConfigurationName = Release;
		};
/* End XCConfigurationList section */

/* Begin XCVersionGroup section */
		B5838DFA1C75AF9900C781BA /* RealmIncrementalStoreDemo.xcdatamodeld */ = {
			isa = XCVersionGroup;
			children = (
				B5838DFB1C75AF9900C781BA /* RealmIncrementalStoreDemo.xcdatamodel */,
			);
			currentVersion = B5838DFB1C75AF9900C781BA /* RealmIncrementalStoreDemo.xcdatamodel */;
			path = RealmIncrementalStoreDemo.xcdatamodeld;
			sourceTree = "<group>";
			versionGroupType = wrapper.xcdatamodel;
		};
/* End XCVersionGroup section */
	};
	rootObject = B5838DE81C75AF9900C781BA /* Project object */;
}
