// !$*UTF8*$!
{
	archiveVersion = 1;
	classes = {
	};
	objectVersion = 46;
	objects = {

/* Begin PBXBuildFile section */
		B53232741C7AEF4100E9D3C7 /* NSPredicate+RealmIncrementalStore.swift in Sources */ = {isa = PBXBuildFile; fileRef = B53232731C7AEF4100E9D3C7 /* NSPredicate+RealmIncrementalStore.swift */; };
		B53232761C7AF33D00E9D3C7 /* NSExpression+RealmIncrementalStore.swift in Sources */ = {isa = PBXBuildFile; fileRef = B53232751C7AF33D00E9D3C7 /* NSExpression+RealmIncrementalStore.swift */; };
		B53232781C7B156A00E9D3C7 /* NSManagedObjectID+RealmIncrementalStore.swift in Sources */ = {isa = PBXBuildFile; fileRef = B53232771C7B156A00E9D3C7 /* NSManagedObjectID+RealmIncrementalStore.swift */; };
		B53381CE1C76CD4C00FF1DE0 /* NSEntityDescription+RealmIncrementalStore.swift in Sources */ = {isa = PBXBuildFile; fileRef = B53381CD1C76CD4C00FF1DE0 /* NSEntityDescription+RealmIncrementalStore.swift */; };
		B53381D01C77157800FF1DE0 /* RLMObject+RealmIncrementalStore.swift in Sources */ = {isa = PBXBuildFile; fileRef = B53381CF1C77157800FF1DE0 /* RLMObject+RealmIncrementalStore.swift */; };
		B5838DC41C75A6B900C781BA /* RealmIncrementalStore.h in Headers */ = {isa = PBXBuildFile; fileRef = B5838DC31C75A6B900C781BA /* RealmIncrementalStore.h */; settings = {ATTRIBUTES = (Public, ); }; };
		B5838DCB1C75A6B900C781BA /* RealmIncrementalStore.framework in Frameworks */ = {isa = PBXBuildFile; fileRef = B5838DC01C75A6B900C781BA /* RealmIncrementalStore.framework */; };
		B5838DD01C75A6B900C781BA /* RealmIncrementalStoreTests.swift in Sources */ = {isa = PBXBuildFile; fileRef = B5838DCF1C75A6B900C781BA /* RealmIncrementalStoreTests.swift */; };
		B5838DDB1C75A6F200C781BA /* RealmIncrementalStore.swift in Sources */ = {isa = PBXBuildFile; fileRef = B5838DDA1C75A6F200C781BA /* RealmIncrementalStore.swift */; };
		B5838DDD1C75A71900C781BA /* CoreData.framework in Frameworks */ = {isa = PBXBuildFile; fileRef = B5838DDC1C75A71900C781BA /* CoreData.framework */; };
		B5838DDF1C75A72000C781BA /* Foundation.framework in Frameworks */ = {isa = PBXBuildFile; fileRef = B5838DDE1C75A72000C781BA /* Foundation.framework */; };
		B5838DE21C75AA2200C781BA /* Realm.framework in Frameworks */ = {isa = PBXBuildFile; fileRef = B5838DE11C75AA2200C781BA /* Realm.framework */; };
		B5838DE41C75AA2F00C781BA /* libc++.tbd in Frameworks */ = {isa = PBXBuildFile; fileRef = B5838DE31C75AA2F00C781BA /* libc++.tbd */; };
		B5838DE61C75AA9000C781BA /* RLMSupport.swift in Sources */ = {isa = PBXBuildFile; fileRef = B5838DE51C75AA9000C781BA /* RLMSupport.swift */; };
		B5838E0D1C75BAE000C781BA /* RealmIncrementalStoreError.swift in Sources */ = {isa = PBXBuildFile; fileRef = B5838E0C1C75BAE000C781BA /* RealmIncrementalStoreError.swift */; };
		B5838E0F1C75C9D100C781BA /* RealmIncrementalStoreMetadata.swift in Sources */ = {isa = PBXBuildFile; fileRef = B5838E0E1C75C9D100C781BA /* RealmIncrementalStoreMetadata.swift */; };
		B5838E1F1C75DC3800C781BA /* Realm.framework in CopyFiles */ = {isa = PBXBuildFile; fileRef = B5838DE11C75AA2200C781BA /* Realm.framework */; settings = {ATTRIBUTES = (CodeSignOnCopy, RemoveHeadersOnCopy, ); }; };
/* End PBXBuildFile section */

/* Begin PBXContainerItemProxy section */
		B5838DCC1C75A6B900C781BA /* PBXContainerItemProxy */ = {
			isa = PBXContainerItemProxy;
			containerPortal = B5838DB71C75A6B900C781BA /* Project object */;
			proxyType = 1;
			remoteGlobalIDString = B5838DBF1C75A6B900C781BA;
			remoteInfo = RealmIncrementalStore;
		};
/* End PBXContainerItemProxy section */

/* Begin PBXCopyFilesBuildPhase section */
		B5838E1E1C75DC2500C781BA /* CopyFiles */ = {
			isa = PBXCopyFilesBuildPhase;
			buildActionMask = 2147483647;
			dstPath = "";
			dstSubfolderSpec = 10;
			files = (
				B5838E1F1C75DC3800C781BA /* Realm.framework in CopyFiles */,
			);
			runOnlyForDeploymentPostprocessing = 0;
		};
/* End PBXCopyFilesBuildPhase section */

/* Begin PBXFileReference section */
		B53232731C7AEF4100E9D3C7 /* NSPredicate+RealmIncrementalStore.swift */ = {isa = PBXFileReference; fileEncoding = 4; lastKnownFileType = sourcecode.swift; path = "NSPredicate+RealmIncrementalStore.swift"; sourceTree = "<group>"; };
		B53232751C7AF33D00E9D3C7 /* NSExpression+RealmIncrementalStore.swift */ = {isa = PBXFileReference; fileEncoding = 4; lastKnownFileType = sourcecode.swift; path = "NSExpression+RealmIncrementalStore.swift"; sourceTree = "<group>"; };
		B53232771C7B156A00E9D3C7 /* NSManagedObjectID+RealmIncrementalStore.swift */ = {isa = PBXFileReference; fileEncoding = 4; lastKnownFileType = sourcecode.swift; path = "NSManagedObjectID+RealmIncrementalStore.swift"; sourceTree = "<group>"; };
		B532327B1C7B24EA00E9D3C7 /* LICENSE */ = {isa = PBXFileReference; lastKnownFileType = text; path = LICENSE; sourceTree = "<group>"; };
		B532327E1C7C41F300E9D3C7 /* README.md */ = {isa = PBXFileReference; lastKnownFileType = net.daringfireball.markdown; path = README.md; sourceTree = "<group>"; };
		B53381CD1C76CD4C00FF1DE0 /* NSEntityDescription+RealmIncrementalStore.swift */ = {isa = PBXFileReference; fileEncoding = 4; lastKnownFileType = sourcecode.swift; path = "NSEntityDescription+RealmIncrementalStore.swift"; sourceTree = "<group>"; };
		B53381CF1C77157800FF1DE0 /* RLMObject+RealmIncrementalStore.swift */ = {isa = PBXFileReference; fileEncoding = 4; lastKnownFileType = sourcecode.swift; path = "RLMObject+RealmIncrementalStore.swift"; sourceTree = "<group>"; };
		B5838DC01C75A6B900C781BA /* RealmIncrementalStore.framework */ = {isa = PBXFileReference; explicitFileType = wrapper.framework; includeInIndex = 0; path = RealmIncrementalStore.framework; sourceTree = BUILT_PRODUCTS_DIR; };
		B5838DC31C75A6B900C781BA /* RealmIncrementalStore.h */ = {isa = PBXFileReference; lastKnownFileType = sourcecode.c.h; path = RealmIncrementalStore.h; sourceTree = "<group>"; };
		B5838DC51C75A6B900C781BA /* Info.plist */ = {isa = PBXFileReference; lastKnownFileType = text.plist.xml; path = Info.plist; sourceTree = "<group>"; };
		B5838DCA1C75A6B900C781BA /* RealmIncrementalStoreTests.xctest */ = {isa = PBXFileReference; explicitFileType = wrapper.cfbundle; includeInIndex = 0; path = RealmIncrementalStoreTests.xctest; sourceTree = BUILT_PRODUCTS_DIR; };
		B5838DCF1C75A6B900C781BA /* RealmIncrementalStoreTests.swift */ = {isa = PBXFileReference; lastKnownFileType = sourcecode.swift; path = RealmIncrementalStoreTests.swift; sourceTree = "<group>"; };
		B5838DD11C75A6B900C781BA /* Info.plist */ = {isa = PBXFileReference; lastKnownFileType = text.plist.xml; path = Info.plist; sourceTree = "<group>"; };
		B5838DDA1C75A6F200C781BA /* RealmIncrementalStore.swift */ = {isa = PBXFileReference; fileEncoding = 4; lastKnownFileType = sourcecode.swift; path = RealmIncrementalStore.swift; sourceTree = "<group>"; };
		B5838DDC1C75A71900C781BA /* CoreData.framework */ = {isa = PBXFileReference; lastKnownFileType = wrapper.framework; name = CoreData.framework; path = System/Library/Frameworks/CoreData.framework; sourceTree = SDKROOT; };
		B5838DDE1C75A72000C781BA /* Foundation.framework */ = {isa = PBXFileReference; lastKnownFileType = wrapper.framework; name = Foundation.framework; path = System/Library/Frameworks/Foundation.framework; sourceTree = SDKROOT; };
		B5838DE11C75AA2200C781BA /* Realm.framework */ = {isa = PBXFileReference; lastKnownFileType = wrapper.framework; path = Realm.framework; sourceTree = "<group>"; };
		B5838DE31C75AA2F00C781BA /* libc++.tbd */ = {isa = PBXFileReference; lastKnownFileType = "sourcecode.text-based-dylib-definition"; name = "libc++.tbd"; path = "usr/lib/libc++.tbd"; sourceTree = SDKROOT; };
		B5838DE51C75AA9000C781BA /* RLMSupport.swift */ = {isa = PBXFileReference; fileEncoding = 4; lastKnownFileType = sourcecode.swift; path = RLMSupport.swift; sourceTree = "<group>"; };
		B5838E0C1C75BAE000C781BA /* RealmIncrementalStoreError.swift */ = {isa = PBXFileReference; fileEncoding = 4; lastKnownFileType = sourcecode.swift; path = RealmIncrementalStoreError.swift; sourceTree = "<group>"; };
		B5838E0E1C75C9D100C781BA /* RealmIncrementalStoreMetadata.swift */ = {isa = PBXFileReference; fileEncoding = 4; lastKnownFileType = sourcecode.swift; path = RealmIncrementalStoreMetadata.swift; sourceTree = "<group>"; };
/* End PBXFileReference section */

/* Begin PBXFrameworksBuildPhase section */
		B5838DBC1C75A6B900C781BA /* Frameworks */ = {
			isa = PBXFrameworksBuildPhase;
			buildActionMask = 2147483647;
			files = (
				B5838DE41C75AA2F00C781BA /* libc++.tbd in Frameworks */,
				B5838DE21C75AA2200C781BA /* Realm.framework in Frameworks */,
				B5838DDF1C75A72000C781BA /* Foundation.framework in Frameworks */,
				B5838DDD1C75A71900C781BA /* CoreData.framework in Frameworks */,
			);
			runOnlyForDeploymentPostprocessing = 0;
		};
		B5838DC71C75A6B900C781BA /* Frameworks */ = {
			isa = PBXFrameworksBuildPhase;
			buildActionMask = 2147483647;
			files = (
				B5838DCB1C75A6B900C781BA /* RealmIncrementalStore.framework in Frameworks */,
			);
			runOnlyForDeploymentPostprocessing = 0;
		};
/* End PBXFrameworksBuildPhase section */

/* Begin PBXGroup section */
		B5838DB61C75A6B900C781BA = {
			isa = PBXGroup;
			children = (
				B5838DE01C75A72600C781BA /* Frameworks */,
				B5838DC21C75A6B900C781BA /* RealmIncrementalStore */,
				B5838DCE1C75A6B900C781BA /* RealmIncrementalStoreTests */,
				B5838DC11C75A6B900C781BA /* Products */,
			);
			sourceTree = "<group>";
		};
		B5838DC11C75A6B900C781BA /* Products */ = {
			isa = PBXGroup;
			children = (
				B5838DC01C75A6B900C781BA /* RealmIncrementalStore.framework */,
				B5838DCA1C75A6B900C781BA /* RealmIncrementalStoreTests.xctest */,
			);
			name = Products;
			sourceTree = "<group>";
		};
		B5838DC21C75A6B900C781BA /* RealmIncrementalStore */ = {
			isa = PBXGroup;
			children = (
				B5838DC51C75A6B900C781BA /* Info.plist */,
				B532327B1C7B24EA00E9D3C7 /* LICENSE */,
				B532327E1C7C41F300E9D3C7 /* README.md */,
				B5838DC31C75A6B900C781BA /* RealmIncrementalStore.h */,
				B5838DDA1C75A6F200C781BA /* RealmIncrementalStore.swift */,
				B5838E0C1C75BAE000C781BA /* RealmIncrementalStoreError.swift */,
				B5838E0B1C75B1D100C781BA /* Internal */,
				B5838E0A1C75B1C800C781BA /* Realm */,
			);
			path = RealmIncrementalStore;
			sourceTree = "<group>";
		};
		B5838DCE1C75A6B900C781BA /* RealmIncrementalStoreTests */ = {
			isa = PBXGroup;
			children = (
				B5838DCF1C75A6B900C781BA /* RealmIncrementalStoreTests.swift */,
				B5838DD11C75A6B900C781BA /* Info.plist */,
			);
			path = RealmIncrementalStoreTests;
			sourceTree = "<group>";
		};
		B5838DE01C75A72600C781BA /* Frameworks */ = {
			isa = PBXGroup;
			children = (
				B5838DDC1C75A71900C781BA /* CoreData.framework */,
				B5838DDE1C75A72000C781BA /* Foundation.framework */,
				B5838DE31C75AA2F00C781BA /* libc++.tbd */,
				B5838DE11C75AA2200C781BA /* Realm.framework */,
			);
			name = Frameworks;
			sourceTree = "<group>";
		};
		B5838E0A1C75B1C800C781BA /* Realm */ = {
			isa = PBXGroup;
			children = (
				B5838DE51C75AA9000C781BA /* RLMSupport.swift */,
			);
			name = Realm;
			sourceTree = "<group>";
		};
		B5838E0B1C75B1D100C781BA /* Internal */ = {
			isa = PBXGroup;
			children = (
				B5838E0E1C75C9D100C781BA /* RealmIncrementalStoreMetadata.swift */,
				B53381CD1C76CD4C00FF1DE0 /* NSEntityDescription+RealmIncrementalStore.swift */,
				B53381CF1C77157800FF1DE0 /* RLMObject+RealmIncrementalStore.swift */,
				B53232731C7AEF4100E9D3C7 /* NSPredicate+RealmIncrementalStore.swift */,
				B53232751C7AF33D00E9D3C7 /* NSExpression+RealmIncrementalStore.swift */,
				B53232771C7B156A00E9D3C7 /* NSManagedObjectID+RealmIncrementalStore.swift */,
			);
			name = Internal;
			sourceTree = "<group>";
		};
/* End PBXGroup section */

/* Begin PBXHeadersBuildPhase section */
		B5838DBD1C75A6B900C781BA /* Headers */ = {
			isa = PBXHeadersBuildPhase;
			buildActionMask = 2147483647;
			files = (
				B5838DC41C75A6B900C781BA /* RealmIncrementalStore.h in Headers */,
			);
			runOnlyForDeploymentPostprocessing = 0;
		};
/* End PBXHeadersBuildPhase section */

/* Begin PBXNativeTarget section */
		B5838DBF1C75A6B900C781BA /* RealmIncrementalStore */ = {
			isa = PBXNativeTarget;
			buildConfigurationList = B5838DD41C75A6B900C781BA /* Build configuration list for PBXNativeTarget "RealmIncrementalStore" */;
			buildPhases = (
				B5838DBB1C75A6B900C781BA /* Sources */,
				B5838DBC1C75A6B900C781BA /* Frameworks */,
				B5838DBD1C75A6B900C781BA /* Headers */,
				B5838DBE1C75A6B900C781BA /* Resources */,
				B5838E1E1C75DC2500C781BA /* CopyFiles */,
			);
			buildRules = (
			);
			dependencies = (
			);
			name = RealmIncrementalStore;
			productName = RealmIncrementalStore;
			productReference = B5838DC01C75A6B900C781BA /* RealmIncrementalStore.framework */;
			productType = "com.apple.product-type.framework";
		};
		B5838DC91C75A6B900C781BA /* RealmIncrementalStoreTests */ = {
			isa = PBXNativeTarget;
			buildConfigurationList = B5838DD71C75A6B900C781BA /* Build configuration list for PBXNativeTarget "RealmIncrementalStoreTests" */;
			buildPhases = (
				B5838DC61C75A6B900C781BA /* Sources */,
				B5838DC71C75A6B900C781BA /* Frameworks */,
				B5838DC81C75A6B900C781BA /* Resources */,
			);
			buildRules = (
			);
			dependencies = (
				B5838DCD1C75A6B900C781BA /* PBXTargetDependency */,
			);
			name = RealmIncrementalStoreTests;
			productName = RealmIncrementalStoreTests;
			productReference = B5838DCA1C75A6B900C781BA /* RealmIncrementalStoreTests.xctest */;
			productType = "com.apple.product-type.bundle.unit-test";
		};
/* End PBXNativeTarget section */

/* Begin PBXProject section */
		B5838DB71C75A6B900C781BA /* Project object */ = {
			isa = PBXProject;
			attributes = {
				LastSwiftUpdateCheck = 0720;
				LastUpgradeCheck = 0720;
				ORGANIZATIONNAME = "eureka, Inc.";
				TargetAttributes = {
					B5838DBF1C75A6B900C781BA = {
						CreatedOnToolsVersion = 7.2.1;
					};
					B5838DC91C75A6B900C781BA = {
						CreatedOnToolsVersion = 7.2.1;
					};
				};
			};
			buildConfigurationList = B5838DBA1C75A6B900C781BA /* Build configuration list for PBXProject "RealmIncrementalStore" */;
			compatibilityVersion = "Xcode 3.2";
			developmentRegion = English;
			hasScannedForEncodings = 0;
			knownRegions = (
				en,
			);
			mainGroup = B5838DB61C75A6B900C781BA;
			productRefGroup = B5838DC11C75A6B900C781BA /* Products */;
			projectDirPath = "";
			projectRoot = "";
			targets = (
				B5838DBF1C75A6B900C781BA /* RealmIncrementalStore */,
				B5838DC91C75A6B900C781BA /* RealmIncrementalStoreTests */,
			);
		};
/* End PBXProject section */

/* Begin PBXResourcesBuildPhase section */
		B5838DBE1C75A6B900C781BA /* Resources */ = {
			isa = PBXResourcesBuildPhase;
			buildActionMask = 2147483647;
			files = (
			);
			runOnlyForDeploymentPostprocessing = 0;
		};
		B5838DC81C75A6B900C781BA /* Resources */ = {
			isa = PBXResourcesBuildPhase;
			buildActionMask = 2147483647;
			files = (
			);
			runOnlyForDeploymentPostprocessing = 0;
		};
/* End PBXResourcesBuildPhase section */

/* Begin PBXSourcesBuildPhase section */
		B5838DBB1C75A6B900C781BA /* Sources */ = {
			isa = PBXSourcesBuildPhase;
			buildActionMask = 2147483647;
			files = (
				B53232781C7B156A00E9D3C7 /* NSManagedObjectID+RealmIncrementalStore.swift in Sources */,
				B53381D01C77157800FF1DE0 /* RLMObject+RealmIncrementalStore.swift in Sources */,
				B5838DDB1C75A6F200C781BA /* RealmIncrementalStore.swift in Sources */,
				B5838DE61C75AA9000C781BA /* RLMSupport.swift in Sources */,
				B5838E0D1C75BAE000C781BA /* RealmIncrementalStoreError.swift in Sources */,
				B53381CE1C76CD4C00FF1DE0 /* NSEntityDescription+RealmIncrementalStore.swift in Sources */,
				B53232741C7AEF4100E9D3C7 /* NSPredicate+RealmIncrementalStore.swift in Sources */,
				B5838E0F1C75C9D100C781BA /* RealmIncrementalStoreMetadata.swift in Sources */,
				B53232761C7AF33D00E9D3C7 /* NSExpression+RealmIncrementalStore.swift in Sources */,
			);
			runOnlyForDeploymentPostprocessing = 0;
		};
		B5838DC61C75A6B900C781BA /* Sources */ = {
			isa = PBXSourcesBuildPhase;
			buildActionMask = 2147483647;
			files = (
				B5838DD01C75A6B900C781BA /* RealmIncrementalStoreTests.swift in Sources */,
			);
			runOnlyForDeploymentPostprocessing = 0;
		};
/* End PBXSourcesBuildPhase section */

/* Begin PBXTargetDependency section */
		B5838DCD1C75A6B900C781BA /* PBXTargetDependency */ = {
			isa = PBXTargetDependency;
			target = B5838DBF1C75A6B900C781BA /* RealmIncrementalStore */;
			targetProxy = B5838DCC1C75A6B900C781BA /* PBXContainerItemProxy */;
		};
/* End PBXTargetDependency section */

/* Begin XCBuildConfiguration section */
		B5838DD21C75A6B900C781BA /* Debug */ = {
			isa = XCBuildConfiguration;
			buildSettings = {
				ALWAYS_SEARCH_USER_PATHS = NO;
				CLANG_CXX_LANGUAGE_STANDARD = "gnu++0x";
				CLANG_CXX_LIBRARY = "libc++";
				CLANG_ENABLE_MODULES = YES;
				CLANG_ENABLE_OBJC_ARC = YES;
				CLANG_WARN_BOOL_CONVERSION = YES;
				CLANG_WARN_CONSTANT_CONVERSION = YES;
				CLANG_WARN_DIRECT_OBJC_ISA_USAGE = YES_ERROR;
				CLANG_WARN_EMPTY_BODY = YES;
				CLANG_WARN_ENUM_CONVERSION = YES;
				CLANG_WARN_INT_CONVERSION = YES;
				CLANG_WARN_OBJC_ROOT_CLASS = YES_ERROR;
				CLANG_WARN_UNREACHABLE_CODE = YES;
				CLANG_WARN__DUPLICATE_METHOD_MATCH = YES;
				"CODE_SIGN_IDENTITY[sdk=iphoneos*]" = "iPhone Developer";
				COPY_PHASE_STRIP = NO;
				CURRENT_PROJECT_VERSION = 1;
				DEBUG_INFORMATION_FORMAT = dwarf;
				ENABLE_STRICT_OBJC_MSGSEND = YES;
				ENABLE_TESTABILITY = YES;
				GCC_C_LANGUAGE_STANDARD = gnu99;
				GCC_DYNAMIC_NO_PIC = NO;
				GCC_NO_COMMON_BLOCKS = YES;
				GCC_OPTIMIZATION_LEVEL = 0;
				GCC_PREPROCESSOR_DEFINITIONS = (
					"DEBUG=1",
					"$(inherited)",
				);
				GCC_WARN_64_TO_32_BIT_CONVERSION = YES;
				GCC_WARN_ABOUT_RETURN_TYPE = YES_ERROR;
				GCC_WARN_UNDECLARED_SELECTOR = YES;
				GCC_WARN_UNINITIALIZED_AUTOS = YES_AGGRESSIVE;
				GCC_WARN_UNUSED_FUNCTION = YES;
				GCC_WARN_UNUSED_VARIABLE = YES;
				IPHONEOS_DEPLOYMENT_TARGET = 8.0;
				MTL_ENABLE_DEBUG_INFO = YES;
				ONLY_ACTIVE_ARCH = YES;
				SDKROOT = iphoneos;
				SWIFT_OPTIMIZATION_LEVEL = "-Onone";
				TARGETED_DEVICE_FAMILY = "1,2";
				VERSIONING_SYSTEM = "apple-generic";
				VERSION_INFO_PREFIX = "";
			};
			name = Debug;
		};
		B5838DD31C75A6B900C781BA /* Release */ = {
			isa = XCBuildConfiguration;
			buildSettings = {
				ALWAYS_SEARCH_USER_PATHS = NO;
				CLANG_CXX_LANGUAGE_STANDARD = "gnu++0x";
				CLANG_CXX_LIBRARY = "libc++";
				CLANG_ENABLE_MODULES = YES;
				CLANG_ENABLE_OBJC_ARC = YES;
				CLANG_WARN_BOOL_CONVERSION = YES;
				CLANG_WARN_CONSTANT_CONVERSION = YES;
				CLANG_WARN_DIRECT_OBJC_ISA_USAGE = YES_ERROR;
				CLANG_WARN_EMPTY_BODY = YES;
				CLANG_WARN_ENUM_CONVERSION = YES;
				CLANG_WARN_INT_CONVERSION = YES;
				CLANG_WARN_OBJC_ROOT_CLASS = YES_ERROR;
				CLANG_WARN_UNREACHABLE_CODE = YES;
				CLANG_WARN__DUPLICATE_METHOD_MATCH = YES;
				"CODE_SIGN_IDENTITY[sdk=iphoneos*]" = "iPhone Developer";
				COPY_PHASE_STRIP = NO;
				CURRENT_PROJECT_VERSION = 1;
				DEBUG_INFORMATION_FORMAT = "dwarf-with-dsym";
				ENABLE_NS_ASSERTIONS = NO;
				ENABLE_STRICT_OBJC_MSGSEND = YES;
				GCC_C_LANGUAGE_STANDARD = gnu99;
				GCC_NO_COMMON_BLOCKS = YES;
				GCC_WARN_64_TO_32_BIT_CONVERSION = YES;
				GCC_WARN_ABOUT_RETURN_TYPE = YES_ERROR;
				GCC_WARN_UNDECLARED_SELECTOR = YES;
				GCC_WARN_UNINITIALIZED_AUTOS = YES_AGGRESSIVE;
				GCC_WARN_UNUSED_FUNCTION = YES;
				GCC_WARN_UNUSED_VARIABLE = YES;
				IPHONEOS_DEPLOYMENT_TARGET = 8.0;
				MTL_ENABLE_DEBUG_INFO = NO;
				SDKROOT = iphoneos;
				TARGETED_DEVICE_FAMILY = "1,2";
				VALIDATE_PRODUCT = YES;
				VERSIONING_SYSTEM = "apple-generic";
				VERSION_INFO_PREFIX = "";
			};
			name = Release;
		};
		B5838DD51C75A6B900C781BA /* Debug */ = {
			isa = XCBuildConfiguration;
			buildSettings = {
				CLANG_ENABLE_MODULES = YES;
				DEFINES_MODULE = YES;
				DYLIB_COMPATIBILITY_VERSION = 1;
				DYLIB_CURRENT_VERSION = 1;
				DYLIB_INSTALL_NAME_BASE = "@rpath";
				FRAMEWORK_SEARCH_PATHS = (
					"$(inherited)",
					"$(PROJECT_DIR)/**",
				);
				INFOPLIST_FILE = RealmIncrementalStore/Info.plist;
				INSTALL_PATH = "$(LOCAL_LIBRARY_DIR)/Frameworks";
				LD_RUNPATH_SEARCH_PATHS = "$(inherited) @executable_path/Frameworks @loader_path/Frameworks";
				PRODUCT_BUNDLE_IDENTIFIER = com.johnestropia.RealmIncrementalStore;
				PRODUCT_NAME = "$(TARGET_NAME)";
				SKIP_INSTALL = YES;
				SWIFT_OPTIMIZATION_LEVEL = "-Onone";
			};
			name = Debug;
		};
		B5838DD61C75A6B900C781BA /* Release */ = {
			isa = XCBuildConfiguration;
			buildSettings = {
				CLANG_ENABLE_MODULES = YES;
				DEFINES_MODULE = YES;
				DYLIB_COMPATIBILITY_VERSION = 1;
				DYLIB_CURRENT_VERSION = 1;
				DYLIB_INSTALL_NAME_BASE = "@rpath";
				FRAMEWORK_SEARCH_PATHS = (
					"$(inherited)",
					"$(PROJECT_DIR)/**",
				);
				INFOPLIST_FILE = RealmIncrementalStore/Info.plist;
				INSTALL_PATH = "$(LOCAL_LIBRARY_DIR)/Frameworks";
				LD_RUNPATH_SEARCH_PATHS = "$(inherited) @executable_path/Frameworks @loader_path/Frameworks";
				PRODUCT_BUNDLE_IDENTIFIER = com.johnestropia.RealmIncrementalStore;
				PRODUCT_NAME = "$(TARGET_NAME)";
				SKIP_INSTALL = YES;
			};
			name = Release;
		};
		B5838DD81C75A6B900C781BA /* Debug */ = {
			isa = XCBuildConfiguration;
			buildSettings = {
				INFOPLIST_FILE = RealmIncrementalStoreTests/Info.plist;
				LD_RUNPATH_SEARCH_PATHS = "$(inherited) @executable_path/Frameworks @loader_path/Frameworks";
				PRODUCT_BUNDLE_IDENTIFIER = com.johnestropia.RealmIncrementalStoreTests;
				PRODUCT_NAME = "$(TARGET_NAME)";
			};
			name = Debug;
		};
		B5838DD91C75A6B900C781BA /* Release */ = {
			isa = XCBuildConfiguration;
			buildSettings = {
				INFOPLIST_FILE = RealmIncrementalStoreTests/Info.plist;
				LD_RUNPATH_SEARCH_PATHS = "$(inherited) @executable_path/Frameworks @loader_path/Frameworks";
				PRODUCT_BUNDLE_IDENTIFIER = com.johnestropia.RealmIncrementalStoreTests;
				PRODUCT_NAME = "$(TARGET_NAME)";
			};
			name = Release;
		};
/* End XCBuildConfiguration section */

/* Begin XCConfigurationList section */
		B5838DBA1C75A6B900C781BA /* Build configuration list for PBXProject "RealmIncrementalStore" */ = {
			isa = XCConfigurationList;
			buildConfigurations = (
				B5838DD21C75A6B900C781BA /* Debug */,
				B5838DD31C75A6B900C781BA /* Release */,
			);
			defaultConfigurationIsVisible = 0;
			defaultConfigurationName = Release;
		};
		B5838DD41C75A6B900C781BA /* Build configuration list for PBXNativeTarget "RealmIncrementalStore" */ = {
			isa = XCConfigurationList;
			buildConfigurations = (
				B5838DD51C75A6B900C781BA /* Debug */,
				B5838DD61C75A6B900C781BA /* Release */,
			);
			defaultConfigurationIsVisible = 0;
			defaultConfigurationName = Release;
		};
		B5838DD71C75A6B900C781BA /* Build configuration list for PBXNativeTarget "RealmIncrementalStoreTests" */ = {
			isa = XCConfigurationList;
			buildConfigurations = (
				B5838DD81C75A6B900C781BA /* Debug */,
				B5838DD91C75A6B900C781BA /* Release */,
			);
			defaultConfigurationIsVisible = 0;
			defaultConfigurationName = Release;
		};
/* End XCConfigurationList section */
	};
	rootObject = B5838DB71C75A6B900C781BA /* Project object */;
}
